<?xml version="1.0" encoding="utf-8"?>
<Project ToolsVersion="4.0" xmlns="http://schemas.microsoft.com/developer/msbuild/2003">
  <ItemGroup>
    <Filter Include="Source Files">
      <UniqueIdentifier>{4FC737F1-C7A5-4376-A066-2A32D752A2FF}</UniqueIdentifier>
      <Extensions>cpp;c;cc;cxx;c++;cppm;ixx;def;odl;idl;hpj;bat;asm;asmx</Extensions>
    </Filter>
    <Filter Include="Header Files">
      <UniqueIdentifier>{93995380-89BD-4b04-88EB-625FBE52EBFB}</UniqueIdentifier>
      <Extensions>h;hh;hpp;hxx;h++;hm;inl;inc;ipp;xsd</Extensions>
    </Filter>
    <Filter Include="Resource Files">
      <UniqueIdentifier>{67DA6AB6-F800-4c08-8B7A-83BB121AAD01}</UniqueIdentifier>
      <Extensions>rc;ico;cur;bmp;dlg;rc2;rct;bin;rgs;gif;jpg;jpeg;jpe;resx;tiff;tif;png;wav;mfcribbon-ms</Extensions>
    </Filter>
  </ItemGroup>
  <ItemGroup>
    <ClCompile Include="LATNO_ENGINE.cpp">
      <Filter>Source Files</Filter>
    </ClCompile>
    <ClCompile Include="Shapes\definitions\Circle.cpp">
      <Filter>Source Files</Filter>
    </ClCompile>
    <ClCompile Include="Shapes\definitions\Rect.cpp">
      <Filter>Source Files</Filter>
    </ClCompile>
    <ClCompile Include="engine\definitions\Component.cpp">
      <Filter>Source Files</Filter>
    </ClCompile>
    <ClCompile Include="engine\definitions\Coords.cpp">
      <Filter>Source Files</Filter>
    </ClCompile>
    <ClCompile Include="engine\definitions\LOS.cpp">
      <Filter>Source Files</Filter>
    </ClCompile>
    <ClCompile Include="engine\definitions\Menu.cpp">
      <Filter>Source Files</Filter>
    </ClCompile>
    <ClCompile Include="engine\definitions\Scene.cpp">
      <Filter>Source Files</Filter>
    </ClCompile>
    <ClCompile Include="Entities\definitions\Actor.cpp">
      <Filter>Source Files</Filter>
    </ClCompile>
    <ClCompile Include="Entities\definitions\AdvancedActor.cpp">
      <Filter>Source Files</Filter>
    </ClCompile>
    <ClCompile Include="Entities\definitions\Enemy.cpp">
      <Filter>Source Files</Filter>
    </ClCompile>
    <ClCompile Include="Entities\definitions\Patroller.cpp">
      <Filter>Source Files</Filter>
    </ClCompile>
    <ClCompile Include="Entities\definitions\Player.cpp">
      <Filter>Source Files</Filter>
    </ClCompile>
    <ClCompile Include="Entities\definitions\Route.cpp">
      <Filter>Source Files</Filter>
    </ClCompile>
    <ClCompile Include="exceptions\definitions\RuntimeException.cpp">
      <Filter>Source Files</Filter>
    </ClCompile>
    <ClCompile Include="Animation\definitions\Animation.cpp">
      <Filter>Source Files</Filter>
    </ClCompile>
    <ClCompile Include="Animation\definitions\Frame.cpp">
      <Filter>Source Files</Filter>
    </ClCompile>
  </ItemGroup>
  <ItemGroup>
    <ClInclude Include="Shapes\declarations\Circle.h">
      <Filter>Header Files</Filter>
    </ClInclude>
    <ClInclude Include="Shapes\declarations\Rect.h">
      <Filter>Header Files</Filter>
    </ClInclude>
    <ClInclude Include="Shapes\declarations\Triangle.h">
      <Filter>Header Files</Filter>
    </ClInclude>
    <ClInclude Include="engine\declarations\Behavior.h">
      <Filter>Header Files</Filter>
    </ClInclude>
    <ClInclude Include="engine\declarations\Component.h">
      <Filter>Header Files</Filter>
    </ClInclude>
    <ClInclude Include="engine\declarations\Coords.h">
      <Filter>Header Files</Filter>
    </ClInclude>
    <ClInclude Include="engine\declarations\Definitions.h">
      <Filter>Header Files</Filter>
    </ClInclude>
    <ClInclude Include="engine\declarations\DeveloperLog.h">
      <Filter>Header Files</Filter>
    </ClInclude>
    <ClInclude Include="engine\declarations\Engine.h">
      <Filter>Header Files</Filter>
    </ClInclude>
    <ClInclude Include="engine\declarations\LOS.h">
      <Filter>Header Files</Filter>
    </ClInclude>
    <ClInclude Include="engine\declarations\Menu.h">
      <Filter>Header Files</Filter>
    </ClInclude>
    <ClInclude Include="engine\declarations\Route.h">
      <Filter>Header Files</Filter>
    </ClInclude>
    <ClInclude Include="engine\declarations\SaveSystem.h">
      <Filter>Header Files</Filter>
    </ClInclude>
    <ClInclude Include="engine\declarations\Scene.h">
      <Filter>Header Files</Filter>
    </ClInclude>
    <ClInclude Include="Entities\declarations\Actor.h">
      <Filter>Header Files</Filter>
    </ClInclude>
    <ClInclude Include="Entities\declarations\AdvancedActor.h">
      <Filter>Header Files</Filter>
    </ClInclude>
    <ClInclude Include="Entities\declarations\Enemy.h">
      <Filter>Header Files</Filter>
    </ClInclude>
    <ClInclude Include="Entities\declarations\Patroller.h">
      <Filter>Header Files</Filter>
    </ClInclude>
    <ClInclude Include="Entities\declarations\Player.h">
      <Filter>Header Files</Filter>
    </ClInclude>
    <ClInclude Include="exceptions\declarations\Definitions.h">
      <Filter>Header Files</Filter>
    </ClInclude>
    <ClInclude Include="exceptions\declarations\RuntimeException.h">
      <Filter>Header Files</Filter>
    </ClInclude>
    <ClInclude Include="Animation\declarations\Animation.h">
      <Filter>Header Files</Filter>
    </ClInclude>
    <ClInclude Include="Animation\declarations\Frame.h">
      <Filter>Header Files</Filter>
    </ClInclude>
    <ClInclude Include="Animation\declarations\MonoBehavior.h">
      <Filter>Header Files</Filter>
    </ClInclude>
  </ItemGroup>
  <ItemGroup>
    <Text Include="SAVEDATA.txt" />
    <Text Include="MainLog.txt" />
    <Text Include="x64\Debug\LATNO_ENGINE.Build.CppClean.log" />
    <Text Include="x64\Debug\LATNO_ENGINE.log" />
    <Text Include="x64\Debug\LATNO_ENGINE.vcxproj.FileListAbsolute.txt" />
  </ItemGroup>
  <ItemGroup>
    <Object Include="x64\Debug\Actor.obj" />
    <Object Include="x64\Debug\AdvancedActor.obj" />
    <Object Include="x64\Debug\Animation.obj" />
    <Object Include="x64\Debug\Component.obj" />
    <Object Include="x64\Debug\Coords.obj" />
    <Object Include="x64\Debug\Enemy.obj" />
    <Object Include="x64\Debug\LATNO_ENGINE.obj" />
    <Object Include="x64\Debug\LOS.obj" />
    <Object Include="x64\Debug\Menu.obj" />
    <Object Include="x64\Debug\Patroller.obj" />
    <Object Include="x64\Debug\Player.obj" />
    <Object Include="x64\Debug\Rect.obj" />
    <Object Include="x64\Debug\Route.obj" />
    <Object Include="x64\Debug\Scene.obj" />
    <Object Include="x64\Debug\Source.obj" />
    <Object Include="x64\Debug\Frame.obj" />
    <Object Include="x64\Debug\RuntimeException.obj" />
    <Object Include="x64\Debug\Circle.obj" />
  </ItemGroup>
  <ItemGroup>
    <None Include="x64\Debug\LATNO_ENGINE.exe.recipe" />
    <None Include="x64\Debug\vc143.idb" />
    <None Include="x64\Debug\vc143.pdb" />
    <None Include="x64\Debug\LATNO_ENGINE.tlog\CL.command.1.tlog" />
    <None Include="x64\Debug\LATNO_ENGINE.tlog\CL.read.1.tlog" />
    <None Include="x64\Debug\LATNO_ENGINE.tlog\CL.write.1.tlog" />
    <None Include="x64\Debug\LATNO_ENGINE.tlog\LATNO_ENGINE.lastbuildstate" />
    <None Include="x64\Debug\LATNO_ENGINE.tlog\link.17004.read.1.tlog" />
    <None Include="x64\Debug\LATNO_ENGINE.tlog\link.17004.read.2.tlog" />
    <None Include="x64\Debug\LATNO_ENGINE.tlog\link.17004.write.1.tlog" />
    <None Include="x64\Debug\LATNO_ENGINE.tlog\link.17004-cvtres.read.1.tlog" />
    <None Include="x64\Debug\LATNO_ENGINE.tlog\link.17004-cvtres.write.1.tlog" />
    <None Include="x64\Debug\LATNO_ENGINE.tlog\link.17004-rc.read.1.tlog" />
    <None Include="x64\Debug\LATNO_ENGINE.tlog\link.17004-rc.write.1.tlog" />
    <None Include="x64\Debug\LATNO_ENGINE.tlog\link.command.1.tlog" />
    <None Include="x64\Debug\LATNO_ENGINE.tlog\link.read.1.tlog" />
    <None Include="x64\Debug\LATNO_ENGINE.tlog\link.read.2.tlog" />
    <None Include="x64\Debug\LATNO_ENGINE.tlog\link.write.1.tlog" />
    <None Include="x64\Debug\LATNO_ENGINE.tlog\link-cvtres.read.1.tlog" />
    <None Include="x64\Debug\LATNO_ENGINE.tlog\link-cvtres.write.1.tlog" />
    <None Include="x64\Debug\LATNO_ENGINE.tlog\link-rc.read.1.tlog" />
    <None Include="x64\Debug\LATNO_ENGINE.tlog\link-rc.write.1.tlog" />
    <None Include="x64\Debug\LATNO_ENGINE.tlog\unsuccessfulbuild" />
  </ItemGroup>
</Project>