<?xml version="1.0" encoding="utf-8"?>
<Project ToolsVersion="4.0" xmlns="http://schemas.microsoft.com/developer/msbuild/2003">
  <ItemGroup>
    <ClCompile Include="engine\declarations\Rendering\IndexBuffer.cpp" />
    <ClCompile Include="engine\declarations\Rendering\Renderer.cpp" />
    <ClCompile Include="engine\declarations\Rendering\Shader.cpp" />
    <ClCompile Include="engine\declarations\Rendering\Sprite.cpp" />
    <ClCompile Include="engine\declarations\Rendering\Texture.cpp" />
    <ClCompile Include="engine\declarations\Rendering\VertexArray.cpp" />
    <ClCompile Include="engine\declarations\Rendering\VertexBuffer.cpp" />
    <ClCompile Include="engine\declarations\Rendering\VertexBufferLayout.cpp" />
    <ClCompile Include="engine\definitions\Application.cpp" />
    <ClCompile Include="engine\definitions\HTTPTransfer.cpp" />
    <ClCompile Include="engine\definitions\JSONLoader.cpp" />
    <ClCompile Include="engine\definitions\SoundBuffer.cpp" />
    <ClCompile Include="engine\definitions\SoundDevice.cpp" />
    <ClCompile Include="engine\definitions\SoundSource.cpp" />
    <ClCompile Include="engine\definitions\Behavior.cpp" />
    <ClCompile Include="engine\definitions\Component.cpp" />
    <ClCompile Include="engine\definitions\Coords.cpp" />
    <ClCompile Include="engine\definitions\Definitions.cpp" />
    <ClCompile Include="engine\definitions\DeveloperLog.cpp" />
    <ClCompile Include="engine\definitions\InputManager.cpp" />
    <ClCompile Include="engine\definitions\PhysicsController.cpp" />
    <ClCompile Include="engine\definitions\Scene.cpp" />
    <ClCompile Include="engine\definitions\TextRenderer.cpp" />
    <ClCompile Include="engine\definitions\ThreadManager.cpp" />
    <ClCompile Include="Entities\definitions\Actor.cpp" />
    <ClCompile Include="Entities\definitions\AdvancedActor.cpp" />
    <ClCompile Include="Entities\definitions\Button.cpp" />
    <ClCompile Include="Entities\definitions\Pathfinder.cpp" />
    <ClCompile Include="Entities\definitions\PlayerBase.cpp" />
    <ClCompile Include="LATNO_ENGINE.cpp" />
    <ClCompile Include="engine\definitions\CollisionBox.cpp" />
    <ClCompile Include="engine\definitions\Timer.cpp" />
    <ClCompile Include="UserClasses\definitions\PlayerExample.cpp" />
    <ClCompile Include="UserClasses\definitions\SpawnActorButton.cpp" />
    <ClCompile Include="UserClasses\definitions\ExampleApp.cpp" />
    <ClCompile Include="vendor\ImGui\imgui.cpp" />
    <ClCompile Include="vendor\ImGui\imgui_demo.cpp" />
    <ClCompile Include="vendor\ImGui\imgui_draw.cpp" />
    <ClCompile Include="vendor\ImGui\imgui_impl_glfw_gl3.cpp" />
    <ClCompile Include="vendor\stb_img\stb_image.cpp" />
    <ClCompile Include="UserClasses\definitions\SillyApp.cpp" />
    <ClCompile Include="UserClasses\definitions\TopDownPlayer.cpp" />
    <ClCompile Include="UserClasses\definitions\RadiusApp.cpp" />
  </ItemGroup>
  <ItemGroup>
    <ClInclude Include="engine\declarations\Application.h" />
    <ClInclude Include="engine\declarations\HTTPTranfer.h" />
    <ClInclude Include="engine\declarations\JSONLoader.h" />
    <ClInclude Include="engine\declarations\SoundBuffer.h" />
    <ClInclude Include="engine\declarations\SoundDevice.h" />
    <ClInclude Include="engine\declarations\Grid.h" />
    <ClInclude Include="engine\declarations\SoundSource.h" />
    <ClInclude Include="engine\declarations\Behavior.h" />
    <ClInclude Include="engine\declarations\TextRenderer.h" />
    <ClInclude Include="engine\declarations\ThreadManager.h" />
    <ClInclude Include="Entities\declarations\Button.h" />
    <ClInclude Include="engine\declarations\Component.h" />
    <ClInclude Include="engine\declarations\Coords.h" />
    <ClInclude Include="engine\declarations\Definitions.h" />
    <ClInclude Include="engine\declarations\DeveloperLog.h" />
    <ClInclude Include="engine\declarations\Engine.h" />
    <ClInclude Include="engine\declarations\InputManager.h" />
    <ClInclude Include="engine\declarations\PhysicsController.h" />
    <ClInclude Include="engine\declarations\Rendering\GL_Definitions.h" />
    <ClInclude Include="engine\declarations\Rendering\IndexBuffer.h" />
    <ClInclude Include="engine\declarations\Rendering\Renderer.h" />
    <ClInclude Include="engine\declarations\Rendering\Shader.h" />
    <ClInclude Include="engine\declarations\Rendering\Sprite.h" />
    <ClInclude Include="engine\declarations\Rendering\Texture.h" />
    <ClInclude Include="engine\declarations\Rendering\VertexArray.h" />
    <ClInclude Include="engine\declarations\Rendering\VertexBuffer.h" />
    <ClInclude Include="engine\declarations\Rendering\VertexBufferLayout.h" />
    <ClInclude Include="engine\declarations\Scene.h" />
    <ClInclude Include="Entities\declarations\Actor.h" />
    <ClInclude Include="Entities\declarations\AdvancedActor.h" />
    <ClInclude Include="Entities\declarations\Pathfinder.h" />
    <ClInclude Include="Entities\declarations\PlayerBase.h" />
    <ClInclude Include="engine\declarations\Node.h" />
    <ClInclude Include="engine\declarations\CollisionBox.h" />
    <ClInclude Include="engine\declarations\Timer.h" />
    <ClInclude Include="UserClasses\declarations\PlayerExample.h" />
    <ClInclude Include="UserClasses\declarations\SpawnActorButton.h" />
    <ClInclude Include="UserClasses\declarations\ExampleApp.h" />
    <ClInclude Include="UserClasses\declarations\UserClasses.h" />
    <ClInclude Include="vendor\ImGui\imgui.h" />
    <ClInclude Include="vendor\ImGui\imgui_impl_glfw_gl3.h" />
    <ClInclude Include="vendor\ImGui\imgui_internal.h" />
    <ClInclude Include="vendor\stb_img\stb_image.h" />
    <ClInclude Include="vendor\stb_img\stb_rect_pack.h" />
    <ClInclude Include="vendor\stb_img\stb_textedit.h" />
    <ClInclude Include="vendor\stb_img\stb_truetype.h" />
    <ClInclude Include="UserClasses\declarations\SillyApp.h" />
    <ClInclude Include="UserClasses\declarations\TopDownPlayer.h" />
  </ItemGroup>
  <ItemGroup>
    <Media Include="resources\audio\canary.wav" />
    <Media Include="resources\audio\pacman_dies.wav" />
    <Media Include="resources\audio\pacman_intro.wav" />
  </ItemGroup>
  <ItemGroup>
    <Image Include="resources\textures\black-square.png" />
    <Image Include="resources\textures\Idle\pos1.png" />
    <Image Include="resources\textures\Idle\pos2.png" />
    <Image Include="resources\textures\Idle\pos3.png" />
    <Image Include="resources\textures\Idle\pos4.png" />
    <Image Include="resources\textures\Idle\pos5.png" />
    <Image Include="resources\textures\Idle\pos6.png" />
    <Image Include="resources\textures\Idle\pos7.png" />
    <Image Include="resources\textures\Idle\pos8.png" />
    <Image Include="resources\textures\images.png" />
    <Image Include="resources\textures\nike.png" />
    <Image Include="resources\textures\person.png" />
    <Image Include="resources\textures\text\!.png" />
    <Image Include="resources\textures\text\$.png" />
    <Image Include="resources\textures\text\0.png" />
    <Image Include="resources\textures\text\1.png" />
    <Image Include="resources\textures\text\2.png" />
    <Image Include="resources\textures\text\3.png" />
    <Image Include="resources\textures\text\4.png" />
    <Image Include="resources\textures\text\5.png" />
    <Image Include="resources\textures\text\6.png" />
    <Image Include="resources\textures\text\7.png" />
    <Image Include="resources\textures\text\8.png" />
    <Image Include="resources\textures\text\9.png" />
    <Image Include="resources\textures\text\A.png" />
    <Image Include="resources\textures\text\B.png" />
    <Image Include="resources\textures\text\C.png" />
    <Image Include="resources\textures\text\colon.png" />
    <Image Include="resources\textures\text\D.png" />
    <Image Include="resources\textures\text\E.png" />
    <Image Include="resources\textures\text\F.png" />
    <Image Include="resources\textures\text\G.png" />
    <Image Include="resources\textures\text\H.png" />
    <Image Include="resources\textures\text\I.png" />
    <Image Include="resources\textures\text\J.png" />
    <Image Include="resources\textures\text\K.png" />
    <Image Include="resources\textures\text\L.png" />
    <Image Include="resources\textures\text\M.png" />
    <Image Include="resources\textures\text\N.png" />
    <Image Include="resources\textures\text\O.png" />
    <Image Include="resources\textures\text\P.png" />
    <Image Include="resources\textures\text\Q.png" />
    <Image Include="resources\textures\text\question.png" />
    <Image Include="resources\textures\text\R.png" />
    <Image Include="resources\textures\text\S.png" />
    <Image Include="resources\textures\text\T.png" />
    <Image Include="resources\textures\text\U.png" />
    <Image Include="resources\textures\text\V.png" />
    <Image Include="resources\textures\text\W.png" />
    <Image Include="resources\textures\text\X.png" />
    <Image Include="resources\textures\text\Y.png" />
    <Image Include="resources\textures\text\Z.png" />
    <Image Include="resources\textures\Idle\pos1L.png" />
    <Image Include="resources\textures\Idle\pos2L.png" />
    <Image Include="resources\textures\Idle\pos3L.png" />
    <Image Include="resources\textures\Idle\pos4L.png" />
    <Image Include="resources\textures\Idle\pos5L.png" />
    <Image Include="resources\textures\Idle\pos6L.png" />
    <Image Include="resources\textures\Idle\pos7L.png" />
    <Image Include="resources\textures\Idle\pos8L.png" />
  </ItemGroup>
  <ItemGroup>
    <None Include="libsndfile-1.dll" />
    <None Include="OpenAL32.dll" />
    <None Include="resources\audio\credits-opening1.ogg" />
    <None Include="resources\shaders\Basic.shader" />
  </ItemGroup>
  <ItemGroup>
    <Text Include="EngineLog.txt" />
    <Text Include="Logs\AppLog.txt" />
    <Text Include="Logs\EngineLog.txt" />
    <Text Include="Logs\GL_ERROR_LOG.txt" />
  </ItemGroup>
</Project>