<?xml version="1.0" encoding="utf-8"?>
<Project ToolsVersion="4.0" xmlns="http://schemas.microsoft.com/developer/msbuild/2003">
  <ItemGroup>
    <Filter Include="Source Files">
      <UniqueIdentifier>{4FC737F1-C7A5-4376-A066-2A32D752A2FF}</UniqueIdentifier>
      <Extensions>cpp;c;cc;cxx;c++;cppm;ixx;def;odl;idl;hpj;bat;asm;asmx</Extensions>
    </Filter>
    <Filter Include="Header Files">
      <UniqueIdentifier>{93995380-89BD-4b04-88EB-625FBE52EBFB}</UniqueIdentifier>
      <Extensions>h;hh;hpp;hxx;h++;hm;inl;inc;ipp;xsd</Extensions>
    </Filter>
    <Filter Include="Resource Files">
      <UniqueIdentifier>{67DA6AB6-F800-4c08-8B7A-83BB121AAD01}</UniqueIdentifier>
      <Extensions>rc;ico;cur;bmp;dlg;rc2;rct;bin;rgs;gif;jpg;jpeg;jpe;resx;tiff;tif;png;wav;mfcribbon-ms</Extensions>
    </Filter>
  </ItemGroup>
  <ItemGroup>
    <ClCompile Include="LATNO_ENGINE.cpp">
      <Filter>Source Files</Filter>
    </ClCompile>
    <ClCompile Include="Shapes\definitions\Circle.cpp">
      <Filter>Source Files</Filter>
    </ClCompile>
    <ClCompile Include="Shapes\definitions\CollisionBox.cpp">
      <Filter>Source Files</Filter>
    </ClCompile>
    <ClCompile Include="engine\definitions\Component.cpp">
      <Filter>Source Files</Filter>
    </ClCompile>
    <ClCompile Include="engine\definitions\Coords.cpp">
      <Filter>Source Files</Filter>
    </ClCompile>
    <ClCompile Include="engine\definitions\LOS.cpp">
      <Filter>Source Files</Filter>
    </ClCompile>
    <ClCompile Include="engine\definitions\Scene.cpp">
      <Filter>Source Files</Filter>
    </ClCompile>
    <ClCompile Include="Entities\definitions\Actor.cpp">
      <Filter>Source Files</Filter>
    </ClCompile>
    <ClCompile Include="Entities\definitions\AdvancedActor.cpp">
      <Filter>Source Files</Filter>
    </ClCompile>
    <ClCompile Include="Entities\definitions\Enemy.cpp">
      <Filter>Source Files</Filter>
    </ClCompile>
    <ClCompile Include="Entities\definitions\Patroller.cpp">
      <Filter>Source Files</Filter>
    </ClCompile>
    <ClCompile Include="Entities\definitions\PlayerBase.cpp">
      <Filter>Source Files</Filter>
    </ClCompile>
    <ClCompile Include="engine\definitions\Route.cpp">
      <Filter>Source Files</Filter>
    </ClCompile>
    <ClCompile Include="exceptions\definitions\RuntimeException.cpp">
      <Filter>Source Files</Filter>
    </ClCompile>
    <ClCompile Include="Shapes\definitions\AdvancedRect.cpp">
      <Filter>Source Files</Filter>
    </ClCompile>
    <ClCompile Include="engine\definitions\Timer.cpp">
      <Filter>Source Files</Filter>
    </ClCompile>
    <ClCompile Include="engine\definitions\DeveloperLog.cpp">
      <Filter>Source Files</Filter>
    </ClCompile>
    <ClCompile Include="engine\definitions\Application.cpp">
      <Filter>Source Files</Filter>
    </ClCompile>
    <ClCompile Include="engine\definitions\Behavior.cpp">
      <Filter>Source Files</Filter>
    </ClCompile>
    <ClCompile Include="engine\definitions\PhysicsController.cpp">
      <Filter>Source Files</Filter>
    </ClCompile>
    <ClCompile Include="engine\declarations\Rendering\Renderer.cpp">
      <Filter>Source Files</Filter>
    </ClCompile>
    <ClCompile Include="engine\declarations\Rendering\VertexBuffer.cpp">
      <Filter>Source Files</Filter>
    </ClCompile>
    <ClCompile Include="engine\declarations\Rendering\IndexBuffer.cpp">
      <Filter>Source Files</Filter>
    </ClCompile>
    <ClCompile Include="engine\declarations\Rendering\VertexArray.cpp">
      <Filter>Source Files</Filter>
    </ClCompile>
    <ClCompile Include="engine\declarations\Rendering\VertexBufferLayout.cpp">
      <Filter>Source Files</Filter>
    </ClCompile>
    <ClCompile Include="engine\declarations\Rendering\Shader.cpp">
      <Filter>Source Files</Filter>
    </ClCompile>
    <ClCompile Include="vendor\stb_img\stb_image.cpp">
      <Filter>Source Files</Filter>
    </ClCompile>
    <ClCompile Include="engine\declarations\Rendering\Texture.cpp">
      <Filter>Source Files</Filter>
    </ClCompile>
    <ClCompile Include="vendor\ImGui\imgui.cpp">
      <Filter>Source Files</Filter>
    </ClCompile>
    <ClCompile Include="vendor\ImGui\imgui_demo.cpp">
      <Filter>Source Files</Filter>
    </ClCompile>
    <ClCompile Include="vendor\ImGui\imgui_draw.cpp">
      <Filter>Source Files</Filter>
    </ClCompile>
    <ClCompile Include="vendor\ImGui\imgui_impl_glfw_gl3.cpp">
      <Filter>Source Files</Filter>
    </ClCompile>
    <ClCompile Include="engine\declarations\Rendering\Sprite.cpp">
      <Filter>Source Files</Filter>
    </ClCompile>
    <ClCompile Include="UserClasses\definitions\ProgressBar.cpp">
      <Filter>Source Files</Filter>
    </ClCompile>
  </ItemGroup>
  <ItemGroup>
    <ClInclude Include="Shapes\declarations\Circle.h">
      <Filter>Header Files</Filter>
    </ClInclude>
    <ClInclude Include="Shapes\declarations\CollisionBox.h">
      <Filter>Header Files</Filter>
    </ClInclude>
    <ClInclude Include="Shapes\declarations\Triangle.h">
      <Filter>Header Files</Filter>
    </ClInclude>
    <ClInclude Include="engine\declarations\Behavior.h">
      <Filter>Header Files</Filter>
    </ClInclude>
    <ClInclude Include="engine\declarations\Component.h">
      <Filter>Header Files</Filter>
    </ClInclude>
    <ClInclude Include="engine\declarations\Coords.h">
      <Filter>Header Files</Filter>
    </ClInclude>
    <ClInclude Include="engine\declarations\Definitions.h">
      <Filter>Header Files</Filter>
    </ClInclude>
    <ClInclude Include="engine\declarations\DeveloperLog.h">
      <Filter>Header Files</Filter>
    </ClInclude>
    <ClInclude Include="engine\declarations\Engine.h">
      <Filter>Header Files</Filter>
    </ClInclude>
    <ClInclude Include="engine\declarations\LOS.h">
      <Filter>Header Files</Filter>
    </ClInclude>
    <ClInclude Include="engine\declarations\Route.h">
      <Filter>Header Files</Filter>
    </ClInclude>
    <ClInclude Include="engine\declarations\SaveSystem.h">
      <Filter>Header Files</Filter>
    </ClInclude>
    <ClInclude Include="engine\declarations\Scene.h">
      <Filter>Header Files</Filter>
    </ClInclude>
    <ClInclude Include="Entities\declarations\Actor.h">
      <Filter>Header Files</Filter>
    </ClInclude>
    <ClInclude Include="Entities\declarations\AdvancedActor.h">
      <Filter>Header Files</Filter>
    </ClInclude>
    <ClInclude Include="Entities\declarations\Enemy.h">
      <Filter>Header Files</Filter>
    </ClInclude>
    <ClInclude Include="Entities\declarations\Patroller.h">
      <Filter>Header Files</Filter>
    </ClInclude>
    <ClInclude Include="Entities\declarations\PlayerBase.h">
      <Filter>Header Files</Filter>
    </ClInclude>
    <ClInclude Include="exceptions\declarations\Definitions.h">
      <Filter>Header Files</Filter>
    </ClInclude>
    <ClInclude Include="exceptions\declarations\RuntimeException.h">
      <Filter>Header Files</Filter>
    </ClInclude>
    <ClInclude Include="Shapes\declarations\AdvancedRect.h">
      <Filter>Header Files</Filter>
    </ClInclude>
    <ClInclude Include="engine\declarations\Timer.h">
      <Filter>Header Files</Filter>
    </ClInclude>
    <ClInclude Include="engine\declarations\Application.h">
      <Filter>Header Files</Filter>
    </ClInclude>
    <ClInclude Include="UserClasses\declarations\UserClasses.h">
      <Filter>Header Files</Filter>
    </ClInclude>
    <ClInclude Include="UserClasses\declarations\Player.h">
      <Filter>Header Files</Filter>
    </ClInclude>
    <ClInclude Include="engine\declarations\Node.h">
      <Filter>Header Files</Filter>
    </ClInclude>
    <ClInclude Include="engine\declarations\PhysicsController.h">
      <Filter>Header Files</Filter>
    </ClInclude>
    <ClInclude Include="engine\declarations\Rendering\Renderer.h">
      <Filter>Header Files</Filter>
    </ClInclude>
    <ClInclude Include="engine\declarations\Rendering\VertexBuffer.h">
      <Filter>Header Files</Filter>
    </ClInclude>
    <ClInclude Include="engine\declarations\Rendering\IndexBuffer.h">
      <Filter>Header Files</Filter>
    </ClInclude>
    <ClInclude Include="engine\declarations\Rendering\VertexArray.h">
      <Filter>Header Files</Filter>
    </ClInclude>
    <ClInclude Include="engine\declarations\Rendering\VertexBufferLayout.h">
      <Filter>Header Files</Filter>
    </ClInclude>
    <ClInclude Include="engine\declarations\Rendering\Shader.h">
      <Filter>Header Files</Filter>
    </ClInclude>
    <ClInclude Include="vendor\stb_img\stb_image.h">
      <Filter>Header Files</Filter>
    </ClInclude>
    <ClInclude Include="engine\declarations\Rendering\Texture.h">
      <Filter>Header Files</Filter>
    </ClInclude>
    <ClInclude Include="vendor\ImGui\imgui.h">
      <Filter>Header Files</Filter>
    </ClInclude>
    <ClInclude Include="vendor\ImGui\imgui_impl_glfw_gl3.h">
      <Filter>Header Files</Filter>
    </ClInclude>
    <ClInclude Include="vendor\ImGui\imgui_internal.h">
      <Filter>Header Files</Filter>
    </ClInclude>
    <ClInclude Include="vendor\stb_img\stb_textedit.h">
      <Filter>Header Files</Filter>
    </ClInclude>
    <ClInclude Include="vendor\stb_img\stb_rect_pack.h">
      <Filter>Header Files</Filter>
    </ClInclude>
    <ClInclude Include="vendor\stb_img\stb_truetype.h">
      <Filter>Header Files</Filter>
    </ClInclude>
    <ClInclude Include="engine\declarations\Rendering\Sprite.h">
      <Filter>Header Files</Filter>
    </ClInclude>
    <ClInclude Include="engine\declarations\Rendering\GL_Definitions.h">
      <Filter>Header Files</Filter>
    </ClInclude>
    <ClInclude Include="UserClasses\declarations\Trash.h">
      <Filter>Header Files</Filter>
    </ClInclude>
    <ClInclude Include="UserClasses\declarations\ProgressBar.h">
      <Filter>Header Files</Filter>
    </ClInclude>
    <ClInclude Include="UserClasses\declarations\ProgressBarv2.h">
      <Filter>Header Files</Filter>
    </ClInclude>
  </ItemGroup>
  <ItemGroup>
    <Text Include="Logs\GL_ERROR_LOG.txt" />
    <Text Include="Logs\EngineLog.txt" />
    <Text Include="Logs\AppLog.txt" />
    <Text Include="resources\NewFile.txt" />
  </ItemGroup>
  <ItemGroup>
    <None Include="resources\shaders\Basic.shader" />
  </ItemGroup>
  <ItemGroup>
    <Image Include="resources\textures\images.png">
      <Filter>Resource Files</Filter>
    </Image>
    <Image Include="resources\textures\cherno.png">
      <Filter>Resource Files</Filter>
    </Image>
    <Image Include="resources\textures\can.png">
      <Filter>Resource Files</Filter>
    </Image>
    <Image Include="resources\textures\redBar.png">
      <Filter>Resource Files</Filter>
    </Image>
    <Image Include="resources\textures\land.png">
      <Filter>Resource Files</Filter>
    </Image>
    <Image Include="resources\textures\instructions.png">
      <Filter>Resource Files</Filter>
    </Image>
    <Image Include="resources\textures\death.png">
      <Filter>Resource Files</Filter>
    </Image>
    <Image Include="resources\textures\fish1.png">
      <Filter>Resource Files</Filter>
    </Image>
    <Image Include="resources\textures\fish2.png">
      <Filter>Resource Files</Filter>
    </Image>
    <Image Include="resources\textures\greenBar.jpg">
      <Filter>Resource Files</Filter>
    </Image>
    <Image Include="resources\textures\water.png">
      <Filter>Resource Files</Filter>
    </Image>
    <Image Include="resources\textures\score.png">
      <Filter>Resource Files</Filter>
    </Image>
    <Image Include="resources\textures\Screenshot_2023-04-23_at_2.52.49_PM.png">
      <Filter>Resource Files</Filter>
    </Image>
    <Image Include="resources\textures\trash1.png">
      <Filter>Resource Files</Filter>
    </Image>
    <Image Include="resources\textures\trash2.png">
      <Filter>Resource Files</Filter>
    </Image>
    <Image Include="resources\textures\boat5.png">
      <Filter>Resource Files</Filter>
    </Image>
    <Image Include="resources\textures\0.png">
      <Filter>Resource Files</Filter>
    </Image>
    <Image Include="resources\textures\1.png">
      <Filter>Resource Files</Filter>
    </Image>
    <Image Include="resources\textures\2.png">
      <Filter>Resource Files</Filter>
    </Image>
    <Image Include="resources\textures\3.png">
      <Filter>Resource Files</Filter>
    </Image>
    <Image Include="resources\textures\4.png">
      <Filter>Resource Files</Filter>
    </Image>
    <Image Include="resources\textures\5.png">
      <Filter>Resource Files</Filter>
    </Image>
    <Image Include="resources\textures\6.png">
      <Filter>Resource Files</Filter>
    </Image>
    <Image Include="resources\textures\7.png">
      <Filter>Resource Files</Filter>
    </Image>
    <Image Include="resources\textures\8.png">
      <Filter>Resource Files</Filter>
    </Image>
    <Image Include="resources\textures\9.png">
      <Filter>Resource Files</Filter>
    </Image>
    <Image Include="resources\textures\boat1.png">
      <Filter>Resource Files</Filter>
    </Image>
    <Image Include="resources\textures\boat2.png">
      <Filter>Resource Files</Filter>
    </Image>
    <Image Include="resources\textures\boat3.png">
      <Filter>Resource Files</Filter>
    </Image>
    <Image Include="resources\textures\boat4.png">
      <Filter>Resource Files</Filter>
    </Image>
  </ItemGroup>
</Project>